
Microsoft Visual Studio Solution File, Format Version 12.00
# Visual Studio Version 17
VisualStudioVersion = 17.1.32328.378
MinimumVisualStudioVersion = 10.0.40219.1
Project("{FAE04EC0-301F-11D3-BF4B-00C04F79EFBC}") = "WPFApp01", "WPFApp01\WPFApp01.csproj", "{173F5C47-D4C0-4C48-955F-505725CC3025}"
EndProject
Global
	GlobalSection(SolutionConfigurationPlatforms) = preSolution
		Debug|Any CPU = Debug|Any CPU
		Release|Any CPU = Release|Any CPU
	EndGlobalSection
	GlobalSection(ProjectConfigurationPlatforms) = postSolution
		{173F5C47-D4C0-4C48-955F-505725CC3025}.Debug|Any CPU.ActiveCfg = Debug|Any CPU
		{173F5C47-D4C0-4C48-955F-505725CC3025}.Debug|Any CPU.Build.0 = Debug|Any CPU
		{173F5C47-D4C0-4C48-955F-505725CC3025}.Release|Any CPU.ActiveCfg = Release|Any CPU
		{173F5C47-D4C0-4C48-955F-505725CC3025}.Release|Any CPU.Build.0 = Release|Any CPU
	EndGlobalSection
	GlobalSection(SolutionProperties) = preSolution
		HideSolutionNode = FALSE
	EndGlobalSection
	GlobalSection(ExtensibilityGlobals) = postSolution
		SolutionGuid = {EB81765B-8BF9-4C45-8866-EA94EEDAE833}
	EndGlobalSection
EndGlobal
